{
  "name": "@wedxml/trivial-grammar-loader",
  "version": "1.0.0",
  "lockfileVersion": 1,
  "requires": true,
  "dependencies": {
    "@wedxml/client-api": {
      "version": "1.0.0"
    },
    "@wedxml/common": {
      "version": "1.0.0",
      "requires": {
        "@wedxml/client-api": "^1.0.0"
      },
      "dependencies": {
        "@wedxml/client-api": {
          "version": "1.0.0",
          "bundled": true
        }
      }
    }
  }
}
